
Microsoft Visual Studio Solution File, Format Version 12.00
# Visual Studio 15
Project("{FAE04EC0-301F-11D3-BF4B-00C04F79EFBC}") = "Unity.Timeline", "Unity.Timeline.csproj", "{A283FA96-D075-87FD-200A-AC8B0B00BB81}"
EndProject
Project("{FAE04EC0-301F-11D3-BF4B-00C04F79EFBC}") = "Unity.Timeline.Editor", "Unity.Timeline.Editor.csproj", "{DE688483-B32F-22B7-E853-E8126FDD9058}"
EndProject
Global
	GlobalSection(SolutionConfigurationPlatforms) = preSolution
		Debug|Any CPU = Debug|Any CPU
		Release|Any CPU = Release|Any CPU
	EndGlobalSection
	GlobalSection(ProjectConfigurationPlatforms) = postSolution
		{A283FA96-D075-87FD-200A-AC8B0B00BB81}.Debug|Any CPU.ActiveCfg = Debug|Any CPU
		{A283FA96-D075-87FD-200A-AC8B0B00BB81}.Debug|Any CPU.Build.0 = Debug|Any CPU
		{A283FA96-D075-87FD-200A-AC8B0B00BB81}.Release|Any CPU.ActiveCfg = Release|Any CPU
		{A283FA96-D075-87FD-200A-AC8B0B00BB81}.Release|Any CPU.Build.0 = Release|Any CPU
		{DE688483-B32F-22B7-E853-E8126FDD9058}.Debug|Any CPU.ActiveCfg = Debug|Any CPU
		{DE688483-B32F-22B7-E853-E8126FDD9058}.Debug|Any CPU.Build.0 = Debug|Any CPU
		{DE688483-B32F-22B7-E853-E8126FDD9058}.Release|Any CPU.ActiveCfg = Release|Any CPU
		{DE688483-B32F-22B7-E853-E8126FDD9058}.Release|Any CPU.Build.0 = Release|Any CPU
	EndGlobalSection
	GlobalSection(SolutionProperties) = preSolution
		HideSolutionNode = FALSE
	EndGlobalSection
EndGlobal
